# This file is automatically @generated by Cargo.
# It is not intended for manual editing.
[[package]]
name = "helloworld-rs"
version = "0.1.0"
dependencies = [
 "pollen",
 "pollen-sys",
]

[[package]]
name = "pollen"
version = "0.1.0"
dependencies = [
 "pollen-sys",
]

[[package]]
name = "pollen-sys"
version = "0.1.0"
